PODS:
  - Flutter (1.0.0)
  - flutter_here_maps (0.0.1):
    - Flutter
    - HEREMaps
    - SwiftProtobuf (~> 1.0)
  - HEREMaps (3.11.0)
  - location (0.0.1):
    - Flutter
  - SwiftProtobuf (1.5.0)

DEPENDENCIES:
  - Flutter (from `.symlinks/flutter/ios`)
  - flutter_here_maps (from `.symlinks/plugins/flutter_here_maps/ios`)
  - location (from `.symlinks/plugins/location/ios`)

SPEC REPOS:
  trunk:
    - HEREMaps
    - SwiftProtobuf

EXTERNAL SOURCES:
  Flutter:
    :path: ".symlinks/flutter/ios"
  flutter_here_maps:
    :path: ".symlinks/plugins/flutter_here_maps/ios"
  location:
    :path: ".symlinks/plugins/location/ios"

SPEC CHECKSUMS:
  Flutter: 0e3d915762c693b495b44d77113d4970485de6ec
  flutter_here_maps: bd4b2ee180b999da80d7d9989b4036de8f9c4218
  HEREMaps: 2242f865f55aa8f3d2d00b8b2ef47555f4d105d0
  location: 3a2eed4dd2fab25e7b7baf2a9efefe82b512d740
  SwiftProtobuf: 241400280f912735c1e1b9fe675fdd2c6c4d42e2

PODFILE CHECKSUM: 5ac758ca3cd712e1771314ad1bd5796a98f478bf

COCOAPODS: 1.8.4
