PODS:
  - Flutter (1.0.0)
  - flutter_here_maps (0.0.1):
    - Flutter
    - HEREMaps
    - SwiftProtobuf (~> 1.0)
  - HEREMaps (3.11.2)
  - location (0.0.1):
    - Flutter
  - SwiftProtobuf (1.7.0)

DEPENDENCIES:
  - Flutter (from `Flutter`)
  - flutter_here_maps (from `.symlinks/plugins/flutter_here_maps/ios`)
  - location (from `.symlinks/plugins/location/ios`)

SPEC REPOS:
  trunk:
    - HEREMaps
    - SwiftProtobuf

EXTERNAL SOURCES:
  Flutter:
    :path: Flutter
  flutter_here_maps:
    :path: ".symlinks/plugins/flutter_here_maps/ios"
  location:
    :path: ".symlinks/plugins/location/ios"

SPEC CHECKSUMS:
  Flutter: 0e3d915762c693b495b44d77113d4970485de6ec
  flutter_here_maps: bd4b2ee180b999da80d7d9989b4036de8f9c4218
  HEREMaps: 842884a0feb0b352fe291aafab60eb289dfa1804
  location: 3a2eed4dd2fab25e7b7baf2a9efefe82b512d740
  SwiftProtobuf: 4fd9645e69b72cbae6ec8da5be0cdd20ca6565dd

PODFILE CHECKSUM: 1b66dae606f75376c5f2135a8290850eeb09ae83

COCOAPODS: 1.8.4
